// !$*UTF8*$!
{
	archiveVersion = 1;
	classes = {
	};
	objectVersion = 54;
	objects = {

/* Begin PBXBuildFile section */
		285FE3EB871F2DD420623AEE /* WebViewANE_oc.h in Headers */ = {isa = PBXBuildFile; fileRef = 285FEBB3CADF8D704FAB5E4D /* WebViewANE_oc.h */; platformFilter = ios; };
		285FECB67C2311471C2CD119 /* WebViewANE.m in Sources */ = {isa = PBXBuildFile; fileRef = 285FE6D7F3D6356FA03A26C0 /* WebViewANE.m */; platformFilter = ios; };
		903EDA6F2237005A00DAD6C0 /* FreURLRequest.swift in Sources */ = {isa = PBXBuildFile; fileRef = 903EDA6E2237005A00DAD6C0 /* FreURLRequest.swift */; platformFilter = ios; };
		903EDA702237005A00DAD6C0 /* FreURLRequest.swift in Sources */ = {isa = PBXBuildFile; fileRef = 903EDA6E2237005A00DAD6C0 /* FreURLRequest.swift */; };
		907FA02A2396D4DA00A02384 /* SwiftyJSON in Frameworks */ = {isa = PBXBuildFile; productRef = 907FA0292396D4DA00A02384 /* SwiftyJSON */; };
		907FA02C2396D51600A02384 /* SwiftyJSON in Frameworks */ = {isa = PBXBuildFile; platformFilter = ios; productRef = 907FA02B2396D51600A02384 /* SwiftyJSON */; };
		90EB0A69223C4C0A00EF5851 /* UrlRequestHeaderManager.swift in Sources */ = {isa = PBXBuildFile; fileRef = 90EB0A68223C4C0A00EF5851 /* UrlRequestHeaderManager.swift */; platformFilter = ios; };
		90EB0A6A223C4C0A00EF5851 /* UrlRequestHeaderManager.swift in Sources */ = {isa = PBXBuildFile; fileRef = 90EB0A68223C4C0A00EF5851 /* UrlRequestHeaderManager.swift */; };
		CE0014D21F648344000AE663 /* FreMacros.h in Headers */ = {isa = PBXBuildFile; fileRef = CE0014D11F648344000AE663 /* FreMacros.h */; platformFilter = ios; };
		CE0014D71F648483000AE663 /* FreSwift.framework in Frameworks */ = {isa = PBXBuildFile; fileRef = CE0014D61F648483000AE663 /* FreSwift.framework */; platformFilter = ios; };
		CE0014D81F648483000AE663 /* FreSwift.framework in Frameworks */ = {isa = PBXBuildFile; fileRef = CE0014D61F648483000AE663 /* FreSwift.framework */; platformFilter = ios; };
		CE3980AD1E58BF3F0062485B /* WebViewANE_FW.framework in Frameworks */ = {isa = PBXBuildFile; fileRef = CE39808A1E58BAA90062485B /* WebViewANE_FW.framework */; platformFilter = ios; };
		CE3AC4A220B4C79A000D60E5 /* SwiftController+URLSessionDownloadDelegate.swift in Sources */ = {isa = PBXBuildFile; fileRef = CE3AC4A120B4C79A000D60E5 /* SwiftController+URLSessionDownloadDelegate.swift */; };
		CE59BDE01EEF38C600F698DE /* WebViewEvent.swift in Sources */ = {isa = PBXBuildFile; fileRef = CE59BDDB1EEF38C600F698DE /* WebViewEvent.swift */; platformFilter = ios; };
		CE6C07D82079713400393167 /* SwiftController+FreSwift.swift in Sources */ = {isa = PBXBuildFile; fileRef = CEA65349202797D10034C691 /* SwiftController+FreSwift.swift */; platformFilter = ios; };
		CE6C07D92079713400393167 /* SwiftController+WKNavigationDelegate.swift in Sources */ = {isa = PBXBuildFile; fileRef = CEA65347202797D00034C691 /* SwiftController+WKNavigationDelegate.swift */; platformFilter = ios; };
		CE6C07DA2079713400393167 /* SwiftController+WKScriptMessageHandler.swift in Sources */ = {isa = PBXBuildFile; fileRef = CEA65348202797D10034C691 /* SwiftController+WKScriptMessageHandler.swift */; platformFilter = ios; };
		CE6C07DB2079713400393167 /* SwiftController+WKUIDelegate.swift in Sources */ = {isa = PBXBuildFile; fileRef = CEA65346202797D00034C691 /* SwiftController+WKUIDelegate.swift */; platformFilter = ios; };
		CE6C07DC2079713400393167 /* PopupBehaviour.swift in Sources */ = {isa = PBXBuildFile; fileRef = CEA65344202797B50034C691 /* PopupBehaviour.swift */; platformFilter = ios; };
		CE6C07DD2079713400393167 /* SwiftController.swift in Sources */ = {isa = PBXBuildFile; fileRef = CEFE5BEA1F1A27A9007BFBF2 /* SwiftController.swift */; platformFilter = ios; };
		CE6C07DE2079713400393167 /* WebViewVC.swift in Sources */ = {isa = PBXBuildFile; fileRef = CEC13D401EFEE651003BDA4A /* WebViewVC.swift */; platformFilter = ios; };
		CE6C07DF2079713400393167 /* Settings.swift in Sources */ = {isa = PBXBuildFile; fileRef = CE59BDDC1EEF38C600F698DE /* Settings.swift */; platformFilter = ios; };
		CE6C07E02079713400393167 /* Configuration.swift in Sources */ = {isa = PBXBuildFile; fileRef = CE59BDDD1EEF38C600F698DE /* Configuration.swift */; platformFilter = ios; };
		CE6C07E12079713400393167 /* BackForwardList.swift in Sources */ = {isa = PBXBuildFile; fileRef = CE59BDDE1EEF38C600F698DE /* BackForwardList.swift */; platformFilter = ios; };
		CE6C07E22079713400393167 /* WebViewVC+UIScrollViewDelegate.swift in Sources */ = {isa = PBXBuildFile; fileRef = CEA6534E202798370034C691 /* WebViewVC+UIScrollViewDelegate.swift */; platformFilter = ios; };
		CE6C07E32079716200393167 /* FreMacros.h in Headers */ = {isa = PBXBuildFile; fileRef = CE0014D11F648344000AE663 /* FreMacros.h */; platformFilter = ios; };
		CE6C07F9207974DB00393167 /* FreSwift.framework in Frameworks */ = {isa = PBXBuildFile; fileRef = CE6C07F8207974DB00393167 /* FreSwift.framework */; };
		CE6C07FE2079765500393167 /* WebViewANE_oc.h in Headers */ = {isa = PBXBuildFile; fileRef = 285FEBB3CADF8D704FAB5E4D /* WebViewANE_oc.h */; };
		CE6C07FF2079765500393167 /* FreMacros.h in Headers */ = {isa = PBXBuildFile; fileRef = CE0014D11F648344000AE663 /* FreMacros.h */; };
		CE6C08012079767800393167 /* Popup.swift in Sources */ = {isa = PBXBuildFile; fileRef = CE6C07E5207972F800393167 /* Popup.swift */; };
		CE6C08022079767800393167 /* PopupVC.swift in Sources */ = {isa = PBXBuildFile; fileRef = CE6C07E4207972F800393167 /* PopupVC.swift */; };
		CE6C08032079767800393167 /* SwiftController+FreSwift.swift in Sources */ = {isa = PBXBuildFile; fileRef = CEA65349202797D10034C691 /* SwiftController+FreSwift.swift */; };
		CE6C08042079767800393167 /* SwiftController+WKNavigationDelegate.swift in Sources */ = {isa = PBXBuildFile; fileRef = CEA65347202797D00034C691 /* SwiftController+WKNavigationDelegate.swift */; };
		CE6C08052079767800393167 /* SwiftController+WKScriptMessageHandler.swift in Sources */ = {isa = PBXBuildFile; fileRef = CEA65348202797D10034C691 /* SwiftController+WKScriptMessageHandler.swift */; };
		CE6C08062079767800393167 /* SwiftController+WKUIDelegate.swift in Sources */ = {isa = PBXBuildFile; fileRef = CEA65346202797D00034C691 /* SwiftController+WKUIDelegate.swift */; };
		CE6C08072079767800393167 /* PopupBehaviour.swift in Sources */ = {isa = PBXBuildFile; fileRef = CEA65344202797B50034C691 /* PopupBehaviour.swift */; };
		CE6C08082079767800393167 /* SwiftController.swift in Sources */ = {isa = PBXBuildFile; fileRef = CEFE5BEA1F1A27A9007BFBF2 /* SwiftController.swift */; };
		CE6C08092079767800393167 /* WebViewVC.swift in Sources */ = {isa = PBXBuildFile; fileRef = CEC13D401EFEE651003BDA4A /* WebViewVC.swift */; };
		CE6C080A2079767800393167 /* Settings.swift in Sources */ = {isa = PBXBuildFile; fileRef = CE59BDDC1EEF38C600F698DE /* Settings.swift */; };
		CE6C080B2079767800393167 /* Configuration.swift in Sources */ = {isa = PBXBuildFile; fileRef = CE59BDDD1EEF38C600F698DE /* Configuration.swift */; };
		CE6C080C2079767800393167 /* BackForwardList.swift in Sources */ = {isa = PBXBuildFile; fileRef = CE59BDDE1EEF38C600F698DE /* BackForwardList.swift */; };
		CE6C080E2079767800393167 /* WebViewANE.m in Sources */ = {isa = PBXBuildFile; fileRef = 285FE6D7F3D6356FA03A26C0 /* WebViewANE.m */; };
		CE6C08102079767800393167 /* URL.swift in Sources */ = {isa = PBXBuildFile; fileRef = CE886FC62047491300B2C8FF /* URL.swift */; };
		CE6C08112079767800393167 /* WebViewEvent.swift in Sources */ = {isa = PBXBuildFile; fileRef = CE59BDDB1EEF38C600F698DE /* WebViewEvent.swift */; };
		CE6C08142079795E00393167 /* WebViewANE_FW.h in Headers */ = {isa = PBXBuildFile; fileRef = CE39808C1E58BAA90062485B /* WebViewANE_FW.h */; platformFilter = ios; settings = {ATTRIBUTES = (Public, ); }; };
		CE886FC72047491300B2C8FF /* URL.swift in Sources */ = {isa = PBXBuildFile; fileRef = CE886FC62047491300B2C8FF /* URL.swift */; platformFilter = ios; };
/* End PBXBuildFile section */

/* Begin PBXContainerItemProxy section */
		CE3980B01E58C08A0062485B /* PBXContainerItemProxy */ = {
			isa = PBXContainerItemProxy;
			containerPortal = CE3980631E58BA7F0062485B /* Project object */;
			proxyType = 1;
			remoteGlobalIDString = CE3980891E58BAA90062485B;
			remoteInfo = WebViewANE_FW;
		};
/* End PBXContainerItemProxy section */

/* Begin PBXFileReference section */
		285FE6D7F3D6356FA03A26C0 /* WebViewANE.m */ = {isa = PBXFileReference; fileEncoding = 4; lastKnownFileType = sourcecode.c.objc; path = WebViewANE.m; sourceTree = "<group>"; };
		285FEBB3CADF8D704FAB5E4D /* WebViewANE_oc.h */ = {isa = PBXFileReference; fileEncoding = 4; lastKnownFileType = sourcecode.c.h; path = WebViewANE_oc.h; sourceTree = "<group>"; };
		903EDA6E2237005A00DAD6C0 /* FreURLRequest.swift */ = {isa = PBXFileReference; lastKnownFileType = sourcecode.swift; path = FreURLRequest.swift; sourceTree = "<group>"; };
		90EB0A68223C4C0A00EF5851 /* UrlRequestHeaderManager.swift */ = {isa = PBXFileReference; lastKnownFileType = sourcecode.swift; path = UrlRequestHeaderManager.swift; sourceTree = "<group>"; };
		CE0014D11F648344000AE663 /* FreMacros.h */ = {isa = PBXFileReference; fileEncoding = 4; lastKnownFileType = sourcecode.c.h; path = FreMacros.h; sourceTree = "<group>"; };
		CE0014D61F648483000AE663 /* FreSwift.framework */ = {isa = PBXFileReference; lastKnownFileType = wrapper.framework; name = FreSwift.framework; path = Carthage/Build/iOS/FreSwift.framework; sourceTree = "<group>"; };
		CE39808A1E58BAA90062485B /* WebViewANE_FW.framework */ = {isa = PBXFileReference; explicitFileType = wrapper.framework; includeInIndex = 0; path = WebViewANE_FW.framework; sourceTree = BUILT_PRODUCTS_DIR; };
		CE39808C1E58BAA90062485B /* WebViewANE_FW.h */ = {isa = PBXFileReference; lastKnownFileType = sourcecode.c.h; path = WebViewANE_FW.h; sourceTree = "<group>"; };
		CE39808D1E58BAA90062485B /* Info.plist */ = {isa = PBXFileReference; lastKnownFileType = text.plist.xml; path = Info.plist; sourceTree = "<group>"; };
		CE39809F1E58BEE10062485B /* libWebViewANE_LIB.a */ = {isa = PBXFileReference; explicitFileType = archive.ar; includeInIndex = 0; path = libWebViewANE_LIB.a; sourceTree = BUILT_PRODUCTS_DIR; };
		CE3AC4A120B4C79A000D60E5 /* SwiftController+URLSessionDownloadDelegate.swift */ = {isa = PBXFileReference; lastKnownFileType = sourcecode.swift; path = "SwiftController+URLSessionDownloadDelegate.swift"; sourceTree = "<group>"; };
		CE59BDDB1EEF38C600F698DE /* WebViewEvent.swift */ = {isa = PBXFileReference; fileEncoding = 4; lastKnownFileType = sourcecode.swift; path = WebViewEvent.swift; sourceTree = "<group>"; };
		CE59BDDC1EEF38C600F698DE /* Settings.swift */ = {isa = PBXFileReference; fileEncoding = 4; lastKnownFileType = sourcecode.swift; path = Settings.swift; sourceTree = "<group>"; };
		CE59BDDD1EEF38C600F698DE /* Configuration.swift */ = {isa = PBXFileReference; fileEncoding = 4; lastKnownFileType = sourcecode.swift; path = Configuration.swift; sourceTree = "<group>"; };
		CE59BDDE1EEF38C600F698DE /* BackForwardList.swift */ = {isa = PBXFileReference; fileEncoding = 4; lastKnownFileType = sourcecode.swift; path = BackForwardList.swift; sourceTree = "<group>"; };
		CE6C07E4207972F800393167 /* PopupVC.swift */ = {isa = PBXFileReference; lastKnownFileType = sourcecode.swift; path = PopupVC.swift; sourceTree = "<group>"; };
		CE6C07E5207972F800393167 /* Popup.swift */ = {isa = PBXFileReference; lastKnownFileType = sourcecode.swift; path = Popup.swift; sourceTree = "<group>"; };
		CE6C07EB2079744700393167 /* WebViewANE.framework */ = {isa = PBXFileReference; explicitFileType = wrapper.framework; includeInIndex = 0; path = WebViewANE.framework; sourceTree = BUILT_PRODUCTS_DIR; };
		CE6C07F8207974DB00393167 /* FreSwift.framework */ = {isa = PBXFileReference; lastKnownFileType = wrapper.framework; name = FreSwift.framework; path = Carthage/Build/Mac/FreSwift.framework; sourceTree = "<group>"; };
		CE6C07FB2079759400393167 /* Adobe AIR */ = {isa = PBXFileReference; lastKnownFileType = "compiled.mach-o.dylib"; name = "Adobe AIR"; path = "../../../../../SDKs/AIRSDK_33.1.1.633/runtimes/air-captive/mac/Adobe AIR.framework/Versions/1.0/Adobe AIR"; sourceTree = "<group>"; };
		CE886FC62047491300B2C8FF /* URL.swift */ = {isa = PBXFileReference; fileEncoding = 4; lastKnownFileType = sourcecode.swift; path = URL.swift; sourceTree = "<group>"; };
		CE886FC8204749BC00B2C8FF /* .swiftlint.yml */ = {isa = PBXFileReference; lastKnownFileType = text; path = .swiftlint.yml; sourceTree = "<group>"; };
		CEA65344202797B50034C691 /* PopupBehaviour.swift */ = {isa = PBXFileReference; fileEncoding = 4; lastKnownFileType = sourcecode.swift; path = PopupBehaviour.swift; sourceTree = "<group>"; };
		CEA65346202797D00034C691 /* SwiftController+WKUIDelegate.swift */ = {isa = PBXFileReference; fileEncoding = 4; lastKnownFileType = sourcecode.swift; path = "SwiftController+WKUIDelegate.swift"; sourceTree = "<group>"; };
		CEA65347202797D00034C691 /* SwiftController+WKNavigationDelegate.swift */ = {isa = PBXFileReference; fileEncoding = 4; lastKnownFileType = sourcecode.swift; path = "SwiftController+WKNavigationDelegate.swift"; sourceTree = "<group>"; };
		CEA65348202797D10034C691 /* SwiftController+WKScriptMessageHandler.swift */ = {isa = PBXFileReference; fileEncoding = 4; lastKnownFileType = sourcecode.swift; path = "SwiftController+WKScriptMessageHandler.swift"; sourceTree = "<group>"; };
		CEA65349202797D10034C691 /* SwiftController+FreSwift.swift */ = {isa = PBXFileReference; fileEncoding = 4; lastKnownFileType = sourcecode.swift; path = "SwiftController+FreSwift.swift"; sourceTree = "<group>"; };
		CEA6534E202798370034C691 /* WebViewVC+UIScrollViewDelegate.swift */ = {isa = PBXFileReference; lastKnownFileType = sourcecode.swift; path = "WebViewVC+UIScrollViewDelegate.swift"; sourceTree = "<group>"; };
		CEC13D401EFEE651003BDA4A /* WebViewVC.swift */ = {isa = PBXFileReference; fileEncoding = 4; lastKnownFileType = sourcecode.swift; path = WebViewVC.swift; sourceTree = "<group>"; };
		CEFE5BEA1F1A27A9007BFBF2 /* SwiftController.swift */ = {isa = PBXFileReference; fileEncoding = 4; lastKnownFileType = sourcecode.swift; path = SwiftController.swift; sourceTree = "<group>"; };
/* End PBXFileReference section */

/* Begin PBXFrameworksBuildPhase section */
		CE3980861E58BAA90062485B /* Frameworks */ = {
			isa = PBXFrameworksBuildPhase;
			buildActionMask = 2147483647;
			files = (
				907FA02C2396D51600A02384 /* SwiftyJSON in Frameworks */,
				CE0014D71F648483000AE663 /* FreSwift.framework in Frameworks */,
			);
			runOnlyForDeploymentPostprocessing = 0;
		};
		CE39809C1E58BEE10062485B /* Frameworks */ = {
			isa = PBXFrameworksBuildPhase;
			buildActionMask = 2147483647;
			files = (
				CE0014D81F648483000AE663 /* FreSwift.framework in Frameworks */,
				CE3980AD1E58BF3F0062485B /* WebViewANE_FW.framework in Frameworks */,
			);
			runOnlyForDeploymentPostprocessing = 0;
		};
		CE6C07E72079744700393167 /* Frameworks */ = {
			isa = PBXFrameworksBuildPhase;
			buildActionMask = 2147483647;
			files = (
				907FA02A2396D4DA00A02384 /* SwiftyJSON in Frameworks */,
				CE6C07F9207974DB00393167 /* FreSwift.framework in Frameworks */,
			);
			runOnlyForDeploymentPostprocessing = 0;
		};
/* End PBXFrameworksBuildPhase section */

/* Begin PBXGroup section */
		CE0014D01F6482C6000AE663 /* Frameworks */ = {
			isa = PBXGroup;
			children = (
				CE6C07FB2079759400393167 /* Adobe AIR */,
				CE6C07F8207974DB00393167 /* FreSwift.framework */,
				CE0014D61F648483000AE663 /* FreSwift.framework */,
			);
			name = Frameworks;
			sourceTree = "<group>";
		};
		CE3980621E58BA7F0062485B = {
			isa = PBXGroup;
			children = (
				CE886FC8204749BC00B2C8FF /* .swiftlint.yml */,
				CE6C07C720796FC700393167 /* WebViewANE */,
				CE0014D01F6482C6000AE663 /* Frameworks */,
				CE39806C1E58BA7F0062485B /* Products */,
			);
			sourceTree = "<group>";
		};
		CE39806C1E58BA7F0062485B /* Products */ = {
			isa = PBXGroup;
			children = (
				CE39808A1E58BAA90062485B /* WebViewANE_FW.framework */,
				CE39809F1E58BEE10062485B /* libWebViewANE_LIB.a */,
				CE6C07EB2079744700393167 /* WebViewANE.framework */,
			);
			name = Products;
			sourceTree = "<group>";
		};
		CE6C07C720796FC700393167 /* WebViewANE */ = {
			isa = PBXGroup;
			children = (
				CE6C07E5207972F800393167 /* Popup.swift */,
				CE6C07E4207972F800393167 /* PopupVC.swift */,
				CEA65349202797D10034C691 /* SwiftController+FreSwift.swift */,
				CEA65347202797D00034C691 /* SwiftController+WKNavigationDelegate.swift */,
				CEA65348202797D10034C691 /* SwiftController+WKScriptMessageHandler.swift */,
				CEA65346202797D00034C691 /* SwiftController+WKUIDelegate.swift */,
				CE3AC4A120B4C79A000D60E5 /* SwiftController+URLSessionDownloadDelegate.swift */,
				CEA65344202797B50034C691 /* PopupBehaviour.swift */,
				CEFE5BEA1F1A27A9007BFBF2 /* SwiftController.swift */,
				CEC13D401EFEE651003BDA4A /* WebViewVC.swift */,
				90EB0A68223C4C0A00EF5851 /* UrlRequestHeaderManager.swift */,
				CE59BDDC1EEF38C600F698DE /* Settings.swift */,
				CE59BDDD1EEF38C600F698DE /* Configuration.swift */,
				CE59BDDE1EEF38C600F698DE /* BackForwardList.swift */,
				CEA6534E202798370034C691 /* WebViewVC+UIScrollViewDelegate.swift */,
				285FE6D7F3D6356FA03A26C0 /* WebViewANE.m */,
				CE886FC5204748D700B2C8FF /* Extensions */,
				CE6C07CA20796FF300393167 /* Misc */,
				CE6C07C920796FE900393167 /* Headers */,
				CE6C07C820796FDD00393167 /* Events */,
			);
			path = WebViewANE;
			sourceTree = "<group>";
		};
		CE6C07C820796FDD00393167 /* Events */ = {
			isa = PBXGroup;
			children = (
				CE59BDDB1EEF38C600F698DE /* WebViewEvent.swift */,
			);
			path = Events;
			sourceTree = "<group>";
		};
		CE6C07C920796FE900393167 /* Headers */ = {
			isa = PBXGroup;
			children = (
				285FEBB3CADF8D704FAB5E4D /* WebViewANE_oc.h */,
				CE39808C1E58BAA90062485B /* WebViewANE_FW.h */,
				CE0014D11F648344000AE663 /* FreMacros.h */,
			);
			path = Headers;
			sourceTree = "<group>";
		};
		CE6C07CA20796FF300393167 /* Misc */ = {
			isa = PBXGroup;
			children = (
				CE39808D1E58BAA90062485B /* Info.plist */,
			);
			path = Misc;
			sourceTree = "<group>";
		};
		CE886FC5204748D700B2C8FF /* Extensions */ = {
			isa = PBXGroup;
			children = (
				CE886FC62047491300B2C8FF /* URL.swift */,
				903EDA6E2237005A00DAD6C0 /* FreURLRequest.swift */,
			);
			path = Extensions;
			sourceTree = "<group>";
		};
/* End PBXGroup section */

/* Begin PBXHeadersBuildPhase section */
		CE3980871E58BAA90062485B /* Headers */ = {
			isa = PBXHeadersBuildPhase;
			buildActionMask = 2147483647;
			files = (
				CE6C08142079795E00393167 /* WebViewANE_FW.h in Headers */,
				CE6C07E32079716200393167 /* FreMacros.h in Headers */,
			);
			runOnlyForDeploymentPostprocessing = 0;
		};
		CE3980AE1E58BF530062485B /* Headers */ = {
			isa = PBXHeadersBuildPhase;
			buildActionMask = 2147483647;
			files = (
				CE0014D21F648344000AE663 /* FreMacros.h in Headers */,
				285FE3EB871F2DD420623AEE /* WebViewANE_oc.h in Headers */,
			);
			runOnlyForDeploymentPostprocessing = 0;
		};
		CE6C07E82079744700393167 /* Headers */ = {
			isa = PBXHeadersBuildPhase;
			buildActionMask = 2147483647;
			files = (
				CE6C07FE2079765500393167 /* WebViewANE_oc.h in Headers */,
				CE6C07FF2079765500393167 /* FreMacros.h in Headers */,
			);
			runOnlyForDeploymentPostprocessing = 0;
		};
/* End PBXHeadersBuildPhase section */

/* Begin PBXNativeTarget section */
		CE3980891E58BAA90062485B /* WebViewANE_FW (iOS) */ = {
			isa = PBXNativeTarget;
			buildConfigurationList = CE3980931E58BAA90062485B /* Build configuration list for PBXNativeTarget "WebViewANE_FW (iOS)" */;
			buildPhases = (
				CE3980851E58BAA90062485B /* Sources */,
				CE3980861E58BAA90062485B /* Frameworks */,
				CE3980871E58BAA90062485B /* Headers */,
				CE6C07D7207970F900393167 /* ShellScript */,
			);
			buildRules = (
			);
			dependencies = (
			);
			name = "WebViewANE_FW (iOS)";
			packageProductDependencies = (
				907FA02B2396D51600A02384 /* SwiftyJSON */,
			);
			productName = WebViewANE_FW;
			productReference = CE39808A1E58BAA90062485B /* WebViewANE_FW.framework */;
			productType = "com.apple.product-type.framework";
		};
		CE39809E1E58BEE10062485B /* WebViewANE_LIB (iOS) */ = {
			isa = PBXNativeTarget;
			buildConfigurationList = CE3980A51E58BEE10062485B /* Build configuration list for PBXNativeTarget "WebViewANE_LIB (iOS)" */;
			buildPhases = (
				CE39809B1E58BEE10062485B /* Sources */,
				CE39809C1E58BEE10062485B /* Frameworks */,
				CE3980AE1E58BF530062485B /* Headers */,
				CEC00F3D1E8DA49E0062311C /* ShellScript */,
			);
			buildRules = (
			);
			dependencies = (
				CE3980B11E58C08A0062485B /* PBXTargetDependency */,
			);
			name = "WebViewANE_LIB (iOS)";
			productName = WebViewANE_LIB;
			productReference = CE39809F1E58BEE10062485B /* libWebViewANE_LIB.a */;
			productType = "com.apple.product-type.library.static";
		};
		CE6C07EA2079744700393167 /* WebViewANE (OSX) */ = {
			isa = PBXNativeTarget;
			buildConfigurationList = CE6C07F02079744700393167 /* Build configuration list for PBXNativeTarget "WebViewANE (OSX)" */;
			buildPhases = (
				CE6C07E62079744700393167 /* Sources */,
				CE6C07E72079744700393167 /* Frameworks */,
				CE6C07E82079744700393167 /* Headers */,
				CE6C0812207976CA00393167 /* ShellScript */,
			);
			buildRules = (
			);
			dependencies = (
			);
			name = "WebViewANE (OSX)";
			packageProductDependencies = (
				907FA0292396D4DA00A02384 /* SwiftyJSON */,
			);
			productName = WebViewANE;
			productReference = CE6C07EB2079744700393167 /* WebViewANE.framework */;
			productType = "com.apple.product-type.framework";
		};
/* End PBXNativeTarget section */

/* Begin PBXProject section */
		CE3980631E58BA7F0062485B /* Project object */ = {
			isa = PBXProject;
			attributes = {
				LastUpgradeCheck = 1420;
				ORGANIZATIONNAME = "Tua Rua Ltd";
				TargetAttributes = {
					CE3980891E58BAA90062485B = {
						CreatedOnToolsVersion = 8.2;
						LastSwiftMigration = 0910;
						ProvisioningStyle = Manual;
					};
					CE39809E1E58BEE10062485B = {
						CreatedOnToolsVersion = 8.2;
						ProvisioningStyle = Automatic;
					};
					CE6C07EA2079744700393167 = {
						CreatedOnToolsVersion = 9.3;
						ProvisioningStyle = Manual;
					};
				};
			};
			buildConfigurationList = CE3980661E58BA7F0062485B /* Build configuration list for PBXProject "WebViewANE" */;
			compatibilityVersion = "Xcode 12.0";
			developmentRegion = en;
			hasScannedForEncodings = 0;
			knownRegions = (
				en,
				Base,
			);
			mainGroup = CE3980621E58BA7F0062485B;
			packageReferences = (
				907FA0282396D4DA00A02384 /* XCRemoteSwiftPackageReference "SwiftyJSON" */,
			);
			productRefGroup = CE39806C1E58BA7F0062485B /* Products */;
			projectDirPath = "";
			projectRoot = "";
			targets = (
				CE3980891E58BAA90062485B /* WebViewANE_FW (iOS) */,
				CE39809E1E58BEE10062485B /* WebViewANE_LIB (iOS) */,
				CE6C07EA2079744700393167 /* WebViewANE (OSX) */,
			);
		};
/* End PBXProject section */

/* Begin PBXShellScriptBuildPhase section */
		CE6C07D7207970F900393167 /* ShellScript */ = {
			isa = PBXShellScriptBuildPhase;
			buildActionMask = 2147483647;
			files = (
			);
			inputPaths = (
			);
			outputPaths = (
			);
			runOnlyForDeploymentPostprocessing = 0;
			shellPath = /bin/sh;
			shellScript = "if which swiftlint >/dev/null; then\nswiftlint\nelse\necho \"warning: SwiftLint not installed, download from https://github.com/realm/SwiftLint\"\nfi\n";
		};
		CE6C0812207976CA00393167 /* ShellScript */ = {
			isa = PBXShellScriptBuildPhase;
			buildActionMask = 12;
			files = (
			);
			inputPaths = (
			);
			outputPaths = (
			);
			runOnlyForDeploymentPostprocessing = 0;
			shellPath = /bin/sh;
			shellScript = "if which swiftlint >/dev/null; then\nswiftlint\nelse\necho \"warning: SwiftLint not installed, download from https://github.com/realm/SwiftLint\"\nfi\n";
		};
		CEC00F3D1E8DA49E0062311C /* ShellScript */ = {
			isa = PBXShellScriptBuildPhase;
			buildActionMask = 8;
			files = (
			);
			inputPaths = (
			);
			outputPaths = (
			);
			runOnlyForDeploymentPostprocessing = 1;
			shellPath = /bin/sh;
			shellScript = "../../../native_extension/ane/build_multi.sh\n";
		};
/* End PBXShellScriptBuildPhase section */

/* Begin PBXSourcesBuildPhase section */
		CE3980851E58BAA90062485B /* Sources */ = {
			isa = PBXSourcesBuildPhase;
			buildActionMask = 2147483647;
			files = (
				CE6C07D82079713400393167 /* SwiftController+FreSwift.swift in Sources */,
				CE6C07D92079713400393167 /* SwiftController+WKNavigationDelegate.swift in Sources */,
				CE6C07DA2079713400393167 /* SwiftController+WKScriptMessageHandler.swift in Sources */,
				CE6C07DB2079713400393167 /* SwiftController+WKUIDelegate.swift in Sources */,
				CE6C07DC2079713400393167 /* PopupBehaviour.swift in Sources */,
				CE6C07DD2079713400393167 /* SwiftController.swift in Sources */,
				CE6C07DE2079713400393167 /* WebViewVC.swift in Sources */,
				903EDA6F2237005A00DAD6C0 /* FreURLRequest.swift in Sources */,
				90EB0A69223C4C0A00EF5851 /* UrlRequestHeaderManager.swift in Sources */,
				CE6C07DF2079713400393167 /* Settings.swift in Sources */,
				CE6C07E02079713400393167 /* Configuration.swift in Sources */,
				CE6C07E12079713400393167 /* BackForwardList.swift in Sources */,
				CE6C07E22079713400393167 /* WebViewVC+UIScrollViewDelegate.swift in Sources */,
				CE886FC72047491300B2C8FF /* URL.swift in Sources */,
				CE59BDE01EEF38C600F698DE /* WebViewEvent.swift in Sources */,
			);
			runOnlyForDeploymentPostprocessing = 0;
		};
		CE39809B1E58BEE10062485B /* Sources */ = {
			isa = PBXSourcesBuildPhase;
			buildActionMask = 2147483647;
			files = (
				285FECB67C2311471C2CD119 /* WebViewANE.m in Sources */,
			);
			runOnlyForDeploymentPostprocessing = 0;
		};
		CE6C07E62079744700393167 /* Sources */ = {
			isa = PBXSourcesBuildPhase;
			buildActionMask = 2147483647;
			files = (
				CE6C08012079767800393167 /* Popup.swift in Sources */,
				903EDA702237005A00DAD6C0 /* FreURLRequest.swift in Sources */,
				CE6C08022079767800393167 /* PopupVC.swift in Sources */,
				CE6C08032079767800393167 /* SwiftController+FreSwift.swift in Sources */,
				CE6C08042079767800393167 /* SwiftController+WKNavigationDelegate.swift in Sources */,
				CE3AC4A220B4C79A000D60E5 /* SwiftController+URLSessionDownloadDelegate.swift in Sources */,
				CE6C08052079767800393167 /* SwiftController+WKScriptMessageHandler.swift in Sources */,
				CE6C08062079767800393167 /* SwiftController+WKUIDelegate.swift in Sources */,
				CE6C08072079767800393167 /* PopupBehaviour.swift in Sources */,
				CE6C08082079767800393167 /* SwiftController.swift in Sources */,
				CE6C08092079767800393167 /* WebViewVC.swift in Sources */,
				90EB0A6A223C4C0A00EF5851 /* UrlRequestHeaderManager.swift in Sources */,
				CE6C080A2079767800393167 /* Settings.swift in Sources */,
				CE6C080B2079767800393167 /* Configuration.swift in Sources */,
				CE6C080C2079767800393167 /* BackForwardList.swift in Sources */,
				CE6C080E2079767800393167 /* WebViewANE.m in Sources */,
				CE6C08102079767800393167 /* URL.swift in Sources */,
				CE6C08112079767800393167 /* WebViewEvent.swift in Sources */,
			);
			runOnlyForDeploymentPostprocessing = 0;
		};
/* End PBXSourcesBuildPhase section */

/* Begin PBXTargetDependency section */
		CE3980B11E58C08A0062485B /* PBXTargetDependency */ = {
			isa = PBXTargetDependency;
			platformFilter = ios;
			target = CE3980891E58BAA90062485B /* WebViewANE_FW (iOS) */;
			targetProxy = CE3980B01E58C08A0062485B /* PBXContainerItemProxy */;
		};
/* End PBXTargetDependency section */

/* Begin XCBuildConfiguration section */
		CE3980801E58BA7F0062485B /* Debug */ = {
			isa = XCBuildConfiguration;
			buildSettings = {
				ALWAYS_SEARCH_USER_PATHS = NO;
				CLANG_ANALYZER_LOCALIZABILITY_NONLOCALIZED = YES;
				CLANG_ANALYZER_NONNULL = YES;
				CLANG_CXX_LANGUAGE_STANDARD = "gnu++0x";
				CLANG_CXX_LIBRARY = "libc++";
				CLANG_ENABLE_MODULES = YES;
				CLANG_ENABLE_OBJC_ARC = YES;
				CLANG_WARN_BLOCK_CAPTURE_AUTORELEASING = YES;
				CLANG_WARN_BOOL_CONVERSION = YES;
				CLANG_WARN_COMMA = YES;
				CLANG_WARN_CONSTANT_CONVERSION = YES;
				CLANG_WARN_DEPRECATED_OBJC_IMPLEMENTATIONS = YES;
				CLANG_WARN_DIRECT_OBJC_ISA_USAGE = YES_ERROR;
				CLANG_WARN_DOCUMENTATION_COMMENTS = YES;
				CLANG_WARN_EMPTY_BODY = YES;
				CLANG_WARN_ENUM_CONVERSION = YES;
				CLANG_WARN_INFINITE_RECURSION = YES;
				CLANG_WARN_INT_CONVERSION = YES;
				CLANG_WARN_NON_LITERAL_NULL_CONVERSION = YES;
				CLANG_WARN_OBJC_IMPLICIT_RETAIN_SELF = YES;
				CLANG_WARN_OBJC_LITERAL_CONVERSION = YES;
				CLANG_WARN_OBJC_ROOT_CLASS = YES_ERROR;
				CLANG_WARN_QUOTED_INCLUDE_IN_FRAMEWORK_HEADER = YES;
				CLANG_WARN_RANGE_LOOP_ANALYSIS = YES;
				CLANG_WARN_STRICT_PROTOTYPES = YES;
				CLANG_WARN_SUSPICIOUS_MOVE = YES;
				CLANG_WARN_UNREACHABLE_CODE = YES;
				CLANG_WARN__DUPLICATE_METHOD_MATCH = YES;
				"CODE_SIGN_IDENTITY[sdk=iphoneos*]" = "";
				COPY_PHASE_STRIP = NO;
				DEBUG_INFORMATION_FORMAT = dwarf;
				DEVELOPMENT_TEAM = "";
				ENABLE_BITCODE = NO;
				ENABLE_STRICT_OBJC_MSGSEND = YES;
				ENABLE_TESTABILITY = YES;
				GCC_C_LANGUAGE_STANDARD = gnu99;
				GCC_DYNAMIC_NO_PIC = NO;
				GCC_NO_COMMON_BLOCKS = YES;
				GCC_OPTIMIZATION_LEVEL = 0;
				GCC_PREPROCESSOR_DEFINITIONS = (
					"DEBUG=1",
					"$(inherited)",
				);
				GCC_WARN_64_TO_32_BIT_CONVERSION = YES;
				GCC_WARN_ABOUT_RETURN_TYPE = YES_ERROR;
				GCC_WARN_UNDECLARED_SELECTOR = YES;
				GCC_WARN_UNINITIALIZED_AUTOS = YES_AGGRESSIVE;
				GCC_WARN_UNUSED_FUNCTION = YES;
				GCC_WARN_UNUSED_VARIABLE = YES;
				IPHONEOS_DEPLOYMENT_TARGET = 11.0;
				MTL_ENABLE_DEBUG_INFO = YES;
				ONLY_ACTIVE_ARCH = YES;
				SDKROOT = iphoneos;
				SWIFT_VERSION = 5.0;
				SYMROOT = build;
				TARGETED_DEVICE_FAMILY = "1,2";
			};
			name = Debug;
		};
		CE3980811E58BA7F0062485B /* Release */ = {
			isa = XCBuildConfiguration;
			buildSettings = {
				ALWAYS_SEARCH_USER_PATHS = NO;
				CLANG_ANALYZER_LOCALIZABILITY_NONLOCALIZED = YES;
				CLANG_ANALYZER_NONNULL = YES;
				CLANG_CXX_LANGUAGE_STANDARD = "gnu++0x";
				CLANG_CXX_LIBRARY = "libc++";
				CLANG_ENABLE_MODULES = YES;
				CLANG_ENABLE_OBJC_ARC = YES;
				CLANG_WARN_BLOCK_CAPTURE_AUTORELEASING = YES;
				CLANG_WARN_BOOL_CONVERSION = YES;
				CLANG_WARN_COMMA = YES;
				CLANG_WARN_CONSTANT_CONVERSION = YES;
				CLANG_WARN_DEPRECATED_OBJC_IMPLEMENTATIONS = YES;
				CLANG_WARN_DIRECT_OBJC_ISA_USAGE = YES_ERROR;
				CLANG_WARN_DOCUMENTATION_COMMENTS = YES;
				CLANG_WARN_EMPTY_BODY = YES;
				CLANG_WARN_ENUM_CONVERSION = YES;
				CLANG_WARN_INFINITE_RECURSION = YES;
				CLANG_WARN_INT_CONVERSION = YES;
				CLANG_WARN_NON_LITERAL_NULL_CONVERSION = YES;
				CLANG_WARN_OBJC_IMPLICIT_RETAIN_SELF = YES;
				CLANG_WARN_OBJC_LITERAL_CONVERSION = YES;
				CLANG_WARN_OBJC_ROOT_CLASS = YES_ERROR;
				CLANG_WARN_QUOTED_INCLUDE_IN_FRAMEWORK_HEADER = YES;
				CLANG_WARN_RANGE_LOOP_ANALYSIS = YES;
				CLANG_WARN_STRICT_PROTOTYPES = YES;
				CLANG_WARN_SUSPICIOUS_MOVE = YES;
				CLANG_WARN_UNREACHABLE_CODE = YES;
				CLANG_WARN__DUPLICATE_METHOD_MATCH = YES;
				"CODE_SIGN_IDENTITY[sdk=iphoneos*]" = "";
				COPY_PHASE_STRIP = NO;
				DEBUG_INFORMATION_FORMAT = "dwarf-with-dsym";
				DEVELOPMENT_TEAM = "";
				ENABLE_BITCODE = NO;
				ENABLE_NS_ASSERTIONS = NO;
				ENABLE_STRICT_OBJC_MSGSEND = YES;
				GCC_C_LANGUAGE_STANDARD = gnu99;
				GCC_NO_COMMON_BLOCKS = YES;
				GCC_WARN_64_TO_32_BIT_CONVERSION = YES;
				GCC_WARN_ABOUT_RETURN_TYPE = YES_ERROR;
				GCC_WARN_UNDECLARED_SELECTOR = YES;
				GCC_WARN_UNINITIALIZED_AUTOS = YES_AGGRESSIVE;
				GCC_WARN_UNUSED_FUNCTION = YES;
				GCC_WARN_UNUSED_VARIABLE = YES;
				IPHONEOS_DEPLOYMENT_TARGET = 11.0;
				MTL_ENABLE_DEBUG_INFO = NO;
				SDKROOT = iphoneos;
				SWIFT_COMPILATION_MODE = wholemodule;
				SWIFT_OPTIMIZATION_LEVEL = "-O";
				SWIFT_VERSION = 5.0;
				SYMROOT = build;
				TARGETED_DEVICE_FAMILY = "1,2";
				VALIDATE_PRODUCT = YES;
			};
			name = Release;
		};
		CE3980941E58BAA90062485B /* Debug */ = {
			isa = XCBuildConfiguration;
			buildSettings = {
				ALWAYS_EMBED_SWIFT_STANDARD_LIBRARIES = YES;
				CLANG_ENABLE_MODULES = YES;
				CODE_SIGN_IDENTITY = "";
				"CODE_SIGN_IDENTITY[sdk=iphoneos*]" = "";
				CURRENT_PROJECT_VERSION = 1;
				DEFINES_MODULE = YES;
				DEVELOPMENT_TEAM = "";
				DYLIB_COMPATIBILITY_VERSION = 1;
				DYLIB_CURRENT_VERSION = 1;
				DYLIB_INSTALL_NAME_BASE = "@rpath";
				ENABLE_BITCODE = NO;
				EXCLUDED_ARCHS = "";
				"EXCLUDED_ARCHS[sdk=iphonesimulator*]" = arm64;
				FRAMEWORK_SEARCH_PATHS = (
					"$(inherited)",
					"$(PROJECT_DIR)/Carthage/Build/iOS",
				);
				INFOPLIST_FILE = "$(SRCROOT)/WebViewANE/Misc/Info.plist";
				INSTALL_PATH = "$(LOCAL_LIBRARY_DIR)/Frameworks";
				IPHONEOS_DEPLOYMENT_TARGET = 11.0;
				LD_RUNPATH_SEARCH_PATHS = (
					"$(inherited)",
					"@executable_path/Frameworks",
					"@loader_path/Frameworks",
				);
				MARKETING_VERSION = 2.23.0;
				ONLY_ACTIVE_ARCH = NO;
				OTHER_LDFLAGS = "-ObjC";
				PRODUCT_BUNDLE_IDENTIFIER = com.tuarua.WebViewANE;
				PRODUCT_NAME = WebViewANE_FW;
				PROVISIONING_PROFILE_SPECIFIER = "";
				SKIP_INSTALL = YES;
				SUPPORTED_PLATFORMS = "iphoneos iphonesimulator";
				SUPPORTS_MACCATALYST = NO;
				SUPPORTS_MAC_DESIGNED_FOR_IPHONE_IPAD = NO;
				SWIFT_ACTIVE_COMPILATION_CONDITIONS = DEBUG;
				SWIFT_OBJC_INTERFACE_HEADER_NAME = "WebViewANE_FW-Swift.h";
				SWIFT_OPTIMIZATION_LEVEL = "-Onone";
				SWIFT_SWIFT3_OBJC_INFERENCE = Default;
				SWIFT_VERSION = 5.0;
				SYMROOT = build;
				TARGETED_DEVICE_FAMILY = "1,2";
				VERSIONING_SYSTEM = "apple-generic";
				VERSION_INFO_PREFIX = "";
			};
			name = Debug;
		};
		CE3980951E58BAA90062485B /* Release */ = {
			isa = XCBuildConfiguration;
			buildSettings = {
				ALWAYS_EMBED_SWIFT_STANDARD_LIBRARIES = YES;
				CLANG_ENABLE_MODULES = YES;
				CODE_SIGN_IDENTITY = "";
				"CODE_SIGN_IDENTITY[sdk=iphoneos*]" = "";
				CURRENT_PROJECT_VERSION = 1;
				DEFINES_MODULE = YES;
				DEVELOPMENT_TEAM = "";
				DYLIB_COMPATIBILITY_VERSION = 1;
				DYLIB_CURRENT_VERSION = 1;
				DYLIB_INSTALL_NAME_BASE = "@rpath";
				ENABLE_BITCODE = NO;
				EXCLUDED_ARCHS = "";
				"EXCLUDED_ARCHS[sdk=iphonesimulator*]" = arm64;
				FRAMEWORK_SEARCH_PATHS = (
					"$(inherited)",
					"$(PROJECT_DIR)/Carthage/Build/iOS",
				);
				INFOPLIST_FILE = "$(SRCROOT)/WebViewANE/Misc/Info.plist";
				INSTALL_PATH = "$(LOCAL_LIBRARY_DIR)/Frameworks";
				IPHONEOS_DEPLOYMENT_TARGET = 11.0;
				LD_RUNPATH_SEARCH_PATHS = (
					"$(inherited)",
					"@executable_path/Frameworks",
					"@loader_path/Frameworks",
				);
				MARKETING_VERSION = 2.23.0;
				ONLY_ACTIVE_ARCH = NO;
				OTHER_LDFLAGS = "-ObjC";
				PRODUCT_BUNDLE_IDENTIFIER = com.tuarua.WebViewANE;
				PRODUCT_NAME = WebViewANE_FW;
				PROVISIONING_PROFILE_SPECIFIER = "";
				SKIP_INSTALL = YES;
				SUPPORTED_PLATFORMS = "iphoneos iphonesimulator";
				SUPPORTS_MACCATALYST = NO;
				SUPPORTS_MAC_DESIGNED_FOR_IPHONE_IPAD = NO;
				SWIFT_COMPILATION_MODE = wholemodule;
				SWIFT_OBJC_INTERFACE_HEADER_NAME = "WebViewANE_FW-Swift.h";
				SWIFT_OPTIMIZATION_LEVEL = "-O";
				SWIFT_SWIFT3_OBJC_INFERENCE = Default;
				SWIFT_VERSION = 5.0;
				SYMROOT = build;
				TARGETED_DEVICE_FAMILY = "1,2";
				VERSIONING_SYSTEM = "apple-generic";
				VERSION_INFO_PREFIX = "";
			};
			name = Release;
		};
		CE3980A61E58BEE10062485B /* Debug */ = {
			isa = XCBuildConfiguration;
			buildSettings = {
				ARCHS = "$(ARCHS_STANDARD)";
				CODE_SIGN_IDENTITY = "";
				"CODE_SIGN_IDENTITY[sdk=iphoneos*]" = "";
				DEVELOPMENT_TEAM = "";
				ENABLE_BITCODE = NO;
				EXCLUDED_ARCHS = "";
				"EXCLUDED_ARCHS[sdk=iphonesimulator*]" = arm64;
				FRAMEWORK_SEARCH_PATHS = (
					"$(inherited)",
					"$(PROJECT_DIR)/Carthage/Build/iOS",
				);
				LD_RUNPATH_SEARCH_PATHS = (
					"$(inherited)",
					"@rpath",
					"@loader_path",
					"@executable_path/Frameworks",
					"@executable_path",
				);
				ONLY_ACTIVE_ARCH = NO;
				OTHER_LDFLAGS = "-ObjC";
				PRODUCT_NAME = WebViewANE_LIB;
				SKIP_INSTALL = YES;
				SYMROOT = build;
			};
			name = Debug;
		};
		CE3980A71E58BEE10062485B /* Release */ = {
			isa = XCBuildConfiguration;
			buildSettings = {
				ARCHS = "$(ARCHS_STANDARD)";
				CODE_SIGN_IDENTITY = "";
				"CODE_SIGN_IDENTITY[sdk=iphoneos*]" = "";
				DEVELOPMENT_TEAM = "";
				ENABLE_BITCODE = NO;
				EXCLUDED_ARCHS = "";
				"EXCLUDED_ARCHS[sdk=iphonesimulator*]" = arm64;
				FRAMEWORK_SEARCH_PATHS = (
					"$(inherited)",
					"$(PROJECT_DIR)/Carthage/Build/iOS",
				);
				LD_RUNPATH_SEARCH_PATHS = (
					"$(inherited)",
					"@rpath",
					"@loader_path",
					"@executable_path/Frameworks",
					"@executable_path",
				);
				ONLY_ACTIVE_ARCH = NO;
				OTHER_LDFLAGS = "-ObjC";
				PRODUCT_NAME = WebViewANE_LIB;
				SKIP_INSTALL = YES;
				SYMROOT = build;
			};
			name = Release;
		};
		CE6C07F12079744700393167 /* Debug */ = {
			isa = XCBuildConfiguration;
			buildSettings = {
				ARCHS = "$(ARCHS_STANDARD)";
				CLANG_ANALYZER_NUMBER_OBJECT_CONVERSION = YES_AGGRESSIVE;
				CLANG_CXX_LANGUAGE_STANDARD = "gnu++14";
				CLANG_ENABLE_OBJC_WEAK = YES;
				CLANG_WARN_UNGUARDED_AVAILABILITY = YES_AGGRESSIVE;
				CODE_SIGN_IDENTITY = "";
				CODE_SIGN_STYLE = Manual;
				COMBINE_HIDPI_IMAGES = YES;
				CURRENT_PROJECT_VERSION = 1;
				DEFINES_MODULE = YES;
				DEVELOPMENT_TEAM = "";
				DYLIB_COMPATIBILITY_VERSION = 1;
				DYLIB_CURRENT_VERSION = 1;
				DYLIB_INSTALL_NAME_BASE = "@rpath";
				FRAMEWORK_SEARCH_PATHS = (
					"$(inherited)",
					/Users/eoinlandy/SDKs/AIRSDK_33.1.1.633/runtimes/air/mac,
					"$(PROJECT_DIR)/Carthage/Build/Mac",
				);
				FRAMEWORK_VERSION = A;
				GCC_C_LANGUAGE_STANDARD = gnu11;
				INFOPLIST_FILE = "$(SRCROOT)/WebViewANE/Misc/Info.plist";
				INSTALL_PATH = "$(LOCAL_LIBRARY_DIR)/Frameworks";
				LD_RUNPATH_SEARCH_PATHS = (
					"$(inherited)",
					"@executable_path/../Frameworks",
					"@loader_path/Frameworks",
				);
				LIBRARY_SEARCH_PATHS = /Users/eoinlandy/SDKs/AIRSDK_33.1.1.633/runtimes/air/mac;
				MACOSX_DEPLOYMENT_TARGET = 10.13;
				MARKETING_VERSION = 2.23.0;
				OTHER_LDFLAGS = (
					"-weak_framework",
					"\"Adobe AIR\"",
					"-w",
				);
				PRODUCT_BUNDLE_IDENTIFIER = com.tuarua.WebViewANE;
				PRODUCT_NAME = WebViewANE;
				PROVISIONING_PROFILE_SPECIFIER = "";
				SDKROOT = macosx;
				SKIP_INSTALL = YES;
				SWIFT_ACTIVE_COMPILATION_CONDITIONS = DEBUG;
				SWIFT_OPTIMIZATION_LEVEL = "-Onone";
				SWIFT_VERSION = 5.0;
				SYMROOT = build;
				VERSIONING_SYSTEM = "apple-generic";
				VERSION_INFO_PREFIX = "";
			};
			name = Debug;
		};
		CE6C07F22079744700393167 /* Release */ = {
			isa = XCBuildConfiguration;
			buildSettings = {
				ARCHS = "$(ARCHS_STANDARD)";
				CLANG_ANALYZER_NUMBER_OBJECT_CONVERSION = YES_AGGRESSIVE;
				CLANG_CXX_LANGUAGE_STANDARD = "gnu++14";
				CLANG_ENABLE_OBJC_WEAK = YES;
				CLANG_WARN_UNGUARDED_AVAILABILITY = YES_AGGRESSIVE;
				CODE_SIGN_IDENTITY = "";
				CODE_SIGN_STYLE = Manual;
				COMBINE_HIDPI_IMAGES = YES;
				CURRENT_PROJECT_VERSION = 1;
				DEFINES_MODULE = YES;
				DEVELOPMENT_TEAM = "";
				DYLIB_COMPATIBILITY_VERSION = 1;
				DYLIB_CURRENT_VERSION = 1;
				DYLIB_INSTALL_NAME_BASE = "@rpath";
				FRAMEWORK_SEARCH_PATHS = (
					"$(inherited)",
					/Users/eoinlandy/SDKs/AIRSDK_33.1.1.633/runtimes/air/mac,
					"$(PROJECT_DIR)/Carthage/Build/Mac",
				);
				FRAMEWORK_VERSION = A;
				GCC_C_LANGUAGE_STANDARD = gnu11;
				INFOPLIST_FILE = "$(SRCROOT)/WebViewANE/Misc/Info.plist";
				INSTALL_PATH = "$(LOCAL_LIBRARY_DIR)/Frameworks";
				LD_RUNPATH_SEARCH_PATHS = (
					"$(inherited)",
					"@executable_path/../Frameworks",
					"@loader_path/Frameworks",
				);
				LIBRARY_SEARCH_PATHS = /Users/eoinlandy/SDKs/AIRSDK_33.1.1.633/runtimes/air/mac;
				MACOSX_DEPLOYMENT_TARGET = 10.13;
				MARKETING_VERSION = 2.23.0;
				OTHER_LDFLAGS = (
					"-weak_framework",
					"\"Adobe AIR\"",
					"-w",
				);
				PRODUCT_BUNDLE_IDENTIFIER = com.tuarua.WebViewANE;
				PRODUCT_NAME = WebViewANE;
				PROVISIONING_PROFILE_SPECIFIER = "";
				SDKROOT = macosx;
				SKIP_INSTALL = YES;
				SWIFT_VERSION = 5.0;
				SYMROOT = build;
				VERSIONING_SYSTEM = "apple-generic";
				VERSION_INFO_PREFIX = "";
			};
			name = Release;
		};
/* End XCBuildConfiguration section */

/* Begin XCConfigurationList section */
		CE3980661E58BA7F0062485B /* Build configuration list for PBXProject "WebViewANE" */ = {
			isa = XCConfigurationList;
			buildConfigurations = (
				CE3980801E58BA7F0062485B /* Debug */,
				CE3980811E58BA7F0062485B /* Release */,
			);
			defaultConfigurationIsVisible = 0;
			defaultConfigurationName = Release;
		};
		CE3980931E58BAA90062485B /* Build configuration list for PBXNativeTarget "WebViewANE_FW (iOS)" */ = {
			isa = XCConfigurationList;
			buildConfigurations = (
				CE3980941E58BAA90062485B /* Debug */,
				CE3980951E58BAA90062485B /* Release */,
			);
			defaultConfigurationIsVisible = 0;
			defaultConfigurationName = Release;
		};
		CE3980A51E58BEE10062485B /* Build configuration list for PBXNativeTarget "WebViewANE_LIB (iOS)" */ = {
			isa = XCConfigurationList;
			buildConfigurations = (
				CE3980A61E58BEE10062485B /* Debug */,
				CE3980A71E58BEE10062485B /* Release */,
			);
			defaultConfigurationIsVisible = 0;
			defaultConfigurationName = Release;
		};
		CE6C07F02079744700393167 /* Build configuration list for PBXNativeTarget "WebViewANE (OSX)" */ = {
			isa = XCConfigurationList;
			buildConfigurations = (
				CE6C07F12079744700393167 /* Debug */,
				CE6C07F22079744700393167 /* Release */,
			);
			defaultConfigurationIsVisible = 0;
			defaultConfigurationName = Release;
		};
/* End XCConfigurationList section */

/* Begin XCRemoteSwiftPackageReference section */
		907FA0282396D4DA00A02384 /* XCRemoteSwiftPackageReference "SwiftyJSON" */ = {
			isa = XCRemoteSwiftPackageReference;
			repositoryURL = "https://github.com/SwiftyJSON/SwiftyJSON.git";
			requirement = {
				kind = upToNextMajorVersion;
				minimumVersion = 5.0.0;
			};
		};
/* End XCRemoteSwiftPackageReference section */

/* Begin XCSwiftPackageProductDependency section */
		907FA0292396D4DA00A02384 /* SwiftyJSON */ = {
			isa = XCSwiftPackageProductDependency;
			package = 907FA0282396D4DA00A02384 /* XCRemoteSwiftPackageReference "SwiftyJSON" */;
			productName = SwiftyJSON;
		};
		907FA02B2396D51600A02384 /* SwiftyJSON */ = {
			isa = XCSwiftPackageProductDependency;
			package = 907FA0282396D4DA00A02384 /* XCRemoteSwiftPackageReference "SwiftyJSON" */;
			productName = SwiftyJSON;
		};
/* End XCSwiftPackageProductDependency section */
	};
	rootObject = CE3980631E58BA7F0062485B /* Project object */;
}
