// !$*UTF8*$!
{
	archiveVersion = 1;
	classes = {
	};
	objectVersion = 46;
	objects = {

/* Begin PBXBuildFile section */
		285FE221A0881A06EF9342D3 /* SwiftController.swift in Sources */ = {isa = PBXBuildFile; fileRef = 285FE0612F3E80324C9E166A /* SwiftController.swift */; };
		285FE67BD6D6ADA9B37C0549 /* Popup.swift in Sources */ = {isa = PBXBuildFile; fileRef = 285FED7949ECEDCFD8666D9E /* Popup.swift */; };
		285FED8981954D26132A4738 /* BackForwardList.swift in Sources */ = {isa = PBXBuildFile; fileRef = 285FE79ADD617339B126F104 /* BackForwardList.swift */; };
		285FEF0F916CD0723F2C291C /* Configuration.swift in Sources */ = {isa = PBXBuildFile; fileRef = 285FE36940402B8AC84FD751 /* Configuration.swift */; };
		CE05BF131F65832F0019899B /* FreMacros.h in Headers */ = {isa = PBXBuildFile; fileRef = CE05BF121F65832F0019899B /* FreMacros.h */; };
		CE05BF151F6583570019899B /* FreSwift.framework in Frameworks */ = {isa = PBXBuildFile; fileRef = CE05BF141F6583570019899B /* FreSwift.framework */; };
		CE59BDD41EEF28F300F698DE /* Settings.swift in Sources */ = {isa = PBXBuildFile; fileRef = CE59BDD31EEF28F300F698DE /* Settings.swift */; };
		CE59BDD81EEF36BE00F698DE /* Constants.swift in Sources */ = {isa = PBXBuildFile; fileRef = CE59BDD71EEF36BE00F698DE /* Constants.swift */; };
		CE59BDD91EEF36FC00F698DE /* WebViewANE.m in Sources */ = {isa = PBXBuildFile; fileRef = CEF5C7121E1EE8CF004389CE /* WebViewANE.m */; };
		CE6232981EF0A43800FC9691 /* WebViewVC.swift in Sources */ = {isa = PBXBuildFile; fileRef = CE6232971EF0A43800FC9691 /* WebViewVC.swift */; };
		CE89412A1E3440BF00191B38 /* Cocoa.framework in Frameworks */ = {isa = PBXBuildFile; fileRef = CE8941291E3440BF00191B38 /* Cocoa.framework */; };
		CE89412D1E3440E500191B38 /* SwiftyJSON.h in Headers */ = {isa = PBXBuildFile; fileRef = CE89412B1E3440E500191B38 /* SwiftyJSON.h */; };
		CE89412E1E3440E500191B38 /* SwiftyJSON.swift in Sources */ = {isa = PBXBuildFile; fileRef = CE89412C1E3440E500191B38 /* SwiftyJSON.swift */; };
		CEEA4EF71EBBBD1600F46A1C /* PopupVC.swift in Sources */ = {isa = PBXBuildFile; fileRef = CEEA4EF61EBBBD1600F46A1C /* PopupVC.swift */; };
		CEF5C70B1E1EE882004389CE /* Adobe AIR_64 in Frameworks */ = {isa = PBXBuildFile; fileRef = CEF5C7081E1EE882004389CE /* Adobe AIR_64 */; };
		CEF5C70C1E1EE882004389CE /* Adobe AIR in Frameworks */ = {isa = PBXBuildFile; fileRef = CEF5C7091E1EE882004389CE /* Adobe AIR */; };
		CEF5C71B1E1EED3B004389CE /* WebViewANE_oc.h in Headers */ = {isa = PBXBuildFile; fileRef = CEF5C7161E1EE8E8004389CE /* WebViewANE_oc.h */; };
/* End PBXBuildFile section */

/* Begin PBXFileReference section */
		285FE0612F3E80324C9E166A /* SwiftController.swift */ = {isa = PBXFileReference; fileEncoding = 4; lastKnownFileType = sourcecode.swift; name = SwiftController.swift; path = ../../../source/swift/SwiftController.swift; sourceTree = "<group>"; };
		285FE36940402B8AC84FD751 /* Configuration.swift */ = {isa = PBXFileReference; fileEncoding = 4; lastKnownFileType = sourcecode.swift; name = Configuration.swift; path = ../../../source/swift/Configuration.swift; sourceTree = "<group>"; };
		285FE79ADD617339B126F104 /* BackForwardList.swift */ = {isa = PBXFileReference; fileEncoding = 4; lastKnownFileType = sourcecode.swift; name = BackForwardList.swift; path = ../../../source/swift/BackForwardList.swift; sourceTree = "<group>"; };
		285FED7949ECEDCFD8666D9E /* Popup.swift */ = {isa = PBXFileReference; fileEncoding = 4; lastKnownFileType = sourcecode.swift; name = Popup.swift; path = ../../../source/swift/Popup.swift; sourceTree = "<group>"; };
		CE05BF121F65832F0019899B /* FreMacros.h */ = {isa = PBXFileReference; fileEncoding = 4; lastKnownFileType = sourcecode.c.h; name = FreMacros.h; path = ../../../include/FreMacros.h; sourceTree = "<group>"; };
		CE05BF141F6583570019899B /* FreSwift.framework */ = {isa = PBXFileReference; lastKnownFileType = wrapper.framework; name = FreSwift.framework; path = Carthage/Build/Mac/FreSwift.framework; sourceTree = "<group>"; };
		CE59BDD31EEF28F300F698DE /* Settings.swift */ = {isa = PBXFileReference; fileEncoding = 4; lastKnownFileType = sourcecode.swift; name = Settings.swift; path = ../../../source/swift/Settings.swift; sourceTree = "<group>"; };
		CE59BDD71EEF36BE00F698DE /* Constants.swift */ = {isa = PBXFileReference; fileEncoding = 4; lastKnownFileType = sourcecode.swift; name = Constants.swift; path = ../../../source/swift/Constants.swift; sourceTree = "<group>"; };
		CE6232971EF0A43800FC9691 /* WebViewVC.swift */ = {isa = PBXFileReference; fileEncoding = 4; lastKnownFileType = sourcecode.swift; name = WebViewVC.swift; path = ../../../source/swift/WebViewVC.swift; sourceTree = "<group>"; };
		CE8941291E3440BF00191B38 /* Cocoa.framework */ = {isa = PBXFileReference; lastKnownFileType = wrapper.framework; name = Cocoa.framework; path = System/Library/Frameworks/Cocoa.framework; sourceTree = SDKROOT; };
		CE89412B1E3440E500191B38 /* SwiftyJSON.h */ = {isa = PBXFileReference; fileEncoding = 4; lastKnownFileType = sourcecode.c.h; name = SwiftyJSON.h; path = ../../../dependencies/SwiftyJSON.h; sourceTree = "<group>"; };
		CE89412C1E3440E500191B38 /* SwiftyJSON.swift */ = {isa = PBXFileReference; fileEncoding = 4; lastKnownFileType = sourcecode.swift; name = SwiftyJSON.swift; path = ../../../dependencies/SwiftyJSON.swift; sourceTree = "<group>"; };
		CEEA4EF61EBBBD1600F46A1C /* PopupVC.swift */ = {isa = PBXFileReference; fileEncoding = 4; lastKnownFileType = sourcecode.swift; name = PopupVC.swift; path = ../../../source/swift/PopupVC.swift; sourceTree = "<group>"; };
		CEF5C6FC1E1EE83F004389CE /* WebViewANE.framework */ = {isa = PBXFileReference; explicitFileType = wrapper.framework; includeInIndex = 0; path = WebViewANE.framework; sourceTree = BUILT_PRODUCTS_DIR; };
		CEF5C7001E1EE83F004389CE /* Info.plist */ = {isa = PBXFileReference; lastKnownFileType = text.plist.xml; path = Info.plist; sourceTree = "<group>"; };
		CEF5C7081E1EE882004389CE /* Adobe AIR_64 */ = {isa = PBXFileReference; lastKnownFileType = "compiled.mach-o.dylib"; name = "Adobe AIR_64"; path = "../../../../../sdks/AIR/AIRSDK_26/runtimes/air-captive/mac/Adobe AIR.framework/Versions/1.0/Adobe AIR_64"; sourceTree = "<group>"; };
		CEF5C7091E1EE882004389CE /* Adobe AIR */ = {isa = PBXFileReference; lastKnownFileType = "compiled.mach-o.dylib"; name = "Adobe AIR"; path = "../../../../../sdks/AIR/AIRSDK_26/runtimes/air-captive/mac/Adobe AIR.framework/Versions/1.0/Adobe AIR"; sourceTree = "<group>"; };
		CEF5C7121E1EE8CF004389CE /* WebViewANE.m */ = {isa = PBXFileReference; fileEncoding = 4; lastKnownFileType = sourcecode.c.objc; name = WebViewANE.m; path = ../../../source/swift/WebViewANE.m; sourceTree = "<group>"; };
		CEF5C7161E1EE8E8004389CE /* WebViewANE_oc.h */ = {isa = PBXFileReference; fileEncoding = 4; lastKnownFileType = sourcecode.c.h; name = WebViewANE_oc.h; path = ../../../include/WebViewANE_oc.h; sourceTree = "<group>"; };
		CEF5C71D1E1EED5C004389CE /* WebViewANE-Swift.h */ = {isa = PBXFileReference; lastKnownFileType = sourcecode.c.h; path = "WebViewANE-Swift.h"; sourceTree = "<group>"; };
/* End PBXFileReference section */

/* Begin PBXFrameworksBuildPhase section */
		CEF5C6F81E1EE83E004389CE /* Frameworks */ = {
			isa = PBXFrameworksBuildPhase;
			buildActionMask = 2147483647;
			files = (
				CE05BF151F6583570019899B /* FreSwift.framework in Frameworks */,
				CEF5C70C1E1EE882004389CE /* Adobe AIR in Frameworks */,
				CEF5C70B1E1EE882004389CE /* Adobe AIR_64 in Frameworks */,
				CE89412A1E3440BF00191B38 /* Cocoa.framework in Frameworks */,
			);
			runOnlyForDeploymentPostprocessing = 0;
		};
/* End PBXFrameworksBuildPhase section */

/* Begin PBXGroup section */
		CEF5C6F21E1EE83E004389CE = {
			isa = PBXGroup;
			children = (
				CEF5C7071E1EE86A004389CE /* Frameworks */,
				CEF5C6FE1E1EE83F004389CE /* WebViewANE */,
				CEF5C6FD1E1EE83F004389CE /* Products */,
			);
			sourceTree = "<group>";
		};
		CEF5C6FD1E1EE83F004389CE /* Products */ = {
			isa = PBXGroup;
			children = (
				CEF5C6FC1E1EE83F004389CE /* WebViewANE.framework */,
			);
			name = Products;
			sourceTree = "<group>";
		};
		CEF5C6FE1E1EE83F004389CE /* WebViewANE */ = {
			isa = PBXGroup;
			children = (
				CE59BDD71EEF36BE00F698DE /* Constants.swift */,
				CE59BDD31EEF28F300F698DE /* Settings.swift */,
				285FE79ADD617339B126F104 /* BackForwardList.swift */,
				285FE36940402B8AC84FD751 /* Configuration.swift */,
				285FED7949ECEDCFD8666D9E /* Popup.swift */,
				CEEA4EF61EBBBD1600F46A1C /* PopupVC.swift */,
				CEF5C7121E1EE8CF004389CE /* WebViewANE.m */,
				285FE0612F3E80324C9E166A /* SwiftController.swift */,
				CE6232971EF0A43800FC9691 /* WebViewVC.swift */,
				CEF5C70F1E1EE8B6004389CE /* Headers */,
				CEF5C70E1E1EE8AE004389CE /* Misc */,
			);
			path = WebViewANE;
			sourceTree = "<group>";
		};
		CEF5C7071E1EE86A004389CE /* Frameworks */ = {
			isa = PBXGroup;
			children = (
				CE05BF141F6583570019899B /* FreSwift.framework */,
				CE8941291E3440BF00191B38 /* Cocoa.framework */,
				CEF5C7081E1EE882004389CE /* Adobe AIR_64 */,
				CEF5C7091E1EE882004389CE /* Adobe AIR */,
			);
			name = Frameworks;
			sourceTree = "<group>";
		};
		CEF5C70E1E1EE8AE004389CE /* Misc */ = {
			isa = PBXGroup;
			children = (
				CE89412B1E3440E500191B38 /* SwiftyJSON.h */,
				CE89412C1E3440E500191B38 /* SwiftyJSON.swift */,
				CEF5C7001E1EE83F004389CE /* Info.plist */,
			);
			name = Misc;
			sourceTree = "<group>";
		};
		CEF5C70F1E1EE8B6004389CE /* Headers */ = {
			isa = PBXGroup;
			children = (
				CE05BF121F65832F0019899B /* FreMacros.h */,
				CEF5C71D1E1EED5C004389CE /* WebViewANE-Swift.h */,
				CEF5C7161E1EE8E8004389CE /* WebViewANE_oc.h */,
			);
			name = Headers;
			sourceTree = "<group>";
		};
/* End PBXGroup section */

/* Begin PBXHeadersBuildPhase section */
		CEF5C6F91E1EE83E004389CE /* Headers */ = {
			isa = PBXHeadersBuildPhase;
			buildActionMask = 2147483647;
			files = (
				CE89412D1E3440E500191B38 /* SwiftyJSON.h in Headers */,
				CEF5C71B1E1EED3B004389CE /* WebViewANE_oc.h in Headers */,
				CE05BF131F65832F0019899B /* FreMacros.h in Headers */,
			);
			runOnlyForDeploymentPostprocessing = 0;
		};
/* End PBXHeadersBuildPhase section */

/* Begin PBXNativeTarget section */
		CEF5C6FB1E1EE83E004389CE /* WebViewANE */ = {
			isa = PBXNativeTarget;
			buildConfigurationList = CEF5C7041E1EE83F004389CE /* Build configuration list for PBXNativeTarget "WebViewANE" */;
			buildPhases = (
				CEF5C6F71E1EE83E004389CE /* Sources */,
				CEF5C6F81E1EE83E004389CE /* Frameworks */,
				CEF5C6F91E1EE83E004389CE /* Headers */,
				CEF5C6FA1E1EE83E004389CE /* Resources */,
				CEF5C71A1E1EE910004389CE /* ShellScript */,
			);
			buildRules = (
			);
			dependencies = (
			);
			name = WebViewANE;
			productName = WebViewANE;
			productReference = CEF5C6FC1E1EE83F004389CE /* WebViewANE.framework */;
			productType = "com.apple.product-type.framework";
		};
/* End PBXNativeTarget section */

/* Begin PBXProject section */
		CEF5C6F31E1EE83E004389CE /* Project object */ = {
			isa = PBXProject;
			attributes = {
				LastUpgradeCheck = 0830;
				ORGANIZATIONNAME = "Tua Rua Ltd";
				TargetAttributes = {
					CEF5C6FB1E1EE83E004389CE = {
						CreatedOnToolsVersion = 8.2;
						LastSwiftMigration = 0820;
						ProvisioningStyle = Manual;
					};
				};
			};
			buildConfigurationList = CEF5C6F61E1EE83E004389CE /* Build configuration list for PBXProject "WebViewANE" */;
			compatibilityVersion = "Xcode 3.2";
			developmentRegion = English;
			hasScannedForEncodings = 0;
			knownRegions = (
				en,
			);
			mainGroup = CEF5C6F21E1EE83E004389CE;
			productRefGroup = CEF5C6FD1E1EE83F004389CE /* Products */;
			projectDirPath = "";
			projectRoot = "";
			targets = (
				CEF5C6FB1E1EE83E004389CE /* WebViewANE */,
			);
		};
/* End PBXProject section */

/* Begin PBXResourcesBuildPhase section */
		CEF5C6FA1E1EE83E004389CE /* Resources */ = {
			isa = PBXResourcesBuildPhase;
			buildActionMask = 2147483647;
			files = (
			);
			runOnlyForDeploymentPostprocessing = 0;
		};
/* End PBXResourcesBuildPhase section */

/* Begin PBXShellScriptBuildPhase section */
		CEF5C71A1E1EE910004389CE /* ShellScript */ = {
			isa = PBXShellScriptBuildPhase;
			buildActionMask = 12;
			files = (
			);
			inputPaths = (
			);
			outputPaths = (
			);
			runOnlyForDeploymentPostprocessing = 0;
			shellPath = /bin/sh;
			shellScript = ../../../native_extension/ane/build_multi.sh;
		};
/* End PBXShellScriptBuildPhase section */

/* Begin PBXSourcesBuildPhase section */
		CEF5C6F71E1EE83E004389CE /* Sources */ = {
			isa = PBXSourcesBuildPhase;
			buildActionMask = 2147483647;
			files = (
				CE59BDD91EEF36FC00F698DE /* WebViewANE.m in Sources */,
				CE59BDD81EEF36BE00F698DE /* Constants.swift in Sources */,
				CE6232981EF0A43800FC9691 /* WebViewVC.swift in Sources */,
				CEEA4EF71EBBBD1600F46A1C /* PopupVC.swift in Sources */,
				285FE221A0881A06EF9342D3 /* SwiftController.swift in Sources */,
				CE89412E1E3440E500191B38 /* SwiftyJSON.swift in Sources */,
				285FE67BD6D6ADA9B37C0549 /* Popup.swift in Sources */,
				CE59BDD41EEF28F300F698DE /* Settings.swift in Sources */,
				285FEF0F916CD0723F2C291C /* Configuration.swift in Sources */,
				285FED8981954D26132A4738 /* BackForwardList.swift in Sources */,
			);
			runOnlyForDeploymentPostprocessing = 0;
		};
/* End PBXSourcesBuildPhase section */

/* Begin XCBuildConfiguration section */
		CEF5C7021E1EE83F004389CE /* Debug */ = {
			isa = XCBuildConfiguration;
			buildSettings = {
				ALWAYS_SEARCH_USER_PATHS = NO;
				CLANG_ANALYZER_NONNULL = YES;
				CLANG_CXX_LANGUAGE_STANDARD = "gnu++0x";
				CLANG_CXX_LIBRARY = "libc++";
				CLANG_ENABLE_MODULES = YES;
				CLANG_ENABLE_OBJC_ARC = YES;
				CLANG_WARN_BOOL_CONVERSION = YES;
				CLANG_WARN_CONSTANT_CONVERSION = YES;
				CLANG_WARN_DIRECT_OBJC_ISA_USAGE = YES_ERROR;
				CLANG_WARN_DOCUMENTATION_COMMENTS = YES;
				CLANG_WARN_EMPTY_BODY = YES;
				CLANG_WARN_ENUM_CONVERSION = YES;
				CLANG_WARN_INFINITE_RECURSION = YES;
				CLANG_WARN_INT_CONVERSION = YES;
				CLANG_WARN_OBJC_ROOT_CLASS = YES_ERROR;
				CLANG_WARN_SUSPICIOUS_MOVE = YES;
				CLANG_WARN_UNREACHABLE_CODE = YES;
				CLANG_WARN__DUPLICATE_METHOD_MATCH = YES;
				CODE_SIGN_IDENTITY = "-";
				COPY_PHASE_STRIP = NO;
				CURRENT_PROJECT_VERSION = 1;
				DEBUG_INFORMATION_FORMAT = dwarf;
				ENABLE_STRICT_OBJC_MSGSEND = YES;
				ENABLE_TESTABILITY = YES;
				GCC_C_LANGUAGE_STANDARD = gnu99;
				GCC_DYNAMIC_NO_PIC = NO;
				GCC_NO_COMMON_BLOCKS = YES;
				GCC_OPTIMIZATION_LEVEL = 0;
				GCC_PREPROCESSOR_DEFINITIONS = (
					"DEBUG=1",
					"$(inherited)",
				);
				GCC_WARN_64_TO_32_BIT_CONVERSION = YES;
				GCC_WARN_ABOUT_RETURN_TYPE = YES_ERROR;
				GCC_WARN_UNDECLARED_SELECTOR = YES;
				GCC_WARN_UNINITIALIZED_AUTOS = YES_AGGRESSIVE;
				GCC_WARN_UNUSED_FUNCTION = YES;
				GCC_WARN_UNUSED_VARIABLE = YES;
				MACOSX_DEPLOYMENT_TARGET = 10.10;
				MTL_ENABLE_DEBUG_INFO = YES;
				ONLY_ACTIVE_ARCH = YES;
				SDKROOT = macosx;
				SWIFT_OBJC_INTERFACE_HEADER_NAME = "WebViewANE-Swift.h";
				VERSIONING_SYSTEM = "apple-generic";
				VERSION_INFO_PREFIX = "";
			};
			name = Debug;
		};
		CEF5C7031E1EE83F004389CE /* Release */ = {
			isa = XCBuildConfiguration;
			buildSettings = {
				ALWAYS_SEARCH_USER_PATHS = NO;
				CLANG_ANALYZER_NONNULL = YES;
				CLANG_CXX_LANGUAGE_STANDARD = "gnu++0x";
				CLANG_CXX_LIBRARY = "libc++";
				CLANG_ENABLE_MODULES = YES;
				CLANG_ENABLE_OBJC_ARC = YES;
				CLANG_WARN_BOOL_CONVERSION = YES;
				CLANG_WARN_CONSTANT_CONVERSION = YES;
				CLANG_WARN_DIRECT_OBJC_ISA_USAGE = YES_ERROR;
				CLANG_WARN_DOCUMENTATION_COMMENTS = YES;
				CLANG_WARN_EMPTY_BODY = YES;
				CLANG_WARN_ENUM_CONVERSION = YES;
				CLANG_WARN_INFINITE_RECURSION = YES;
				CLANG_WARN_INT_CONVERSION = YES;
				CLANG_WARN_OBJC_ROOT_CLASS = YES_ERROR;
				CLANG_WARN_SUSPICIOUS_MOVE = YES;
				CLANG_WARN_UNREACHABLE_CODE = YES;
				CLANG_WARN__DUPLICATE_METHOD_MATCH = YES;
				CODE_SIGN_IDENTITY = "-";
				COPY_PHASE_STRIP = NO;
				CURRENT_PROJECT_VERSION = 1;
				DEBUG_INFORMATION_FORMAT = "dwarf-with-dsym";
				ENABLE_NS_ASSERTIONS = NO;
				ENABLE_STRICT_OBJC_MSGSEND = YES;
				GCC_C_LANGUAGE_STANDARD = gnu99;
				GCC_NO_COMMON_BLOCKS = YES;
				GCC_WARN_64_TO_32_BIT_CONVERSION = YES;
				GCC_WARN_ABOUT_RETURN_TYPE = YES_ERROR;
				GCC_WARN_UNDECLARED_SELECTOR = YES;
				GCC_WARN_UNINITIALIZED_AUTOS = YES_AGGRESSIVE;
				GCC_WARN_UNUSED_FUNCTION = YES;
				GCC_WARN_UNUSED_VARIABLE = YES;
				MACOSX_DEPLOYMENT_TARGET = 10.10;
				MTL_ENABLE_DEBUG_INFO = NO;
				SDKROOT = macosx;
				SWIFT_OBJC_INTERFACE_HEADER_NAME = "WebViewANE-Swift.h";
				SWIFT_OPTIMIZATION_LEVEL = "-Owholemodule";
				VERSIONING_SYSTEM = "apple-generic";
				VERSION_INFO_PREFIX = "";
			};
			name = Release;
		};
		CEF5C7051E1EE83F004389CE /* Debug */ = {
			isa = XCBuildConfiguration;
			buildSettings = {
				ALWAYS_EMBED_SWIFT_STANDARD_LIBRARIES = NO;
				CLANG_ENABLE_MODULES = YES;
				CODE_SIGN_IDENTITY = "";
				COMBINE_HIDPI_IMAGES = YES;
				DEFINES_MODULE = YES;
				DEVELOPMENT_TEAM = "";
				DYLIB_COMPATIBILITY_VERSION = 1;
				DYLIB_CURRENT_VERSION = 1;
				DYLIB_INSTALL_NAME_BASE = "@rpath";
				ENABLE_TESTABILITY = NO;
				FRAMEWORK_SEARCH_PATHS = (
					/Users/User/sdks/AIR/AIRSDK_26/runtimes/air/mac,
					"$(PROJECT_DIR)/Carthage/Build/Mac",
				);
				FRAMEWORK_VERSION = A;
				HEADER_SEARCH_PATHS = ../../../includes;
				INFOPLIST_FILE = WebViewANE/Info.plist;
				INSTALL_PATH = "$(LOCAL_LIBRARY_DIR)/Frameworks";
				LD_RUNPATH_SEARCH_PATHS = "$(inherited) @executable_path/../Frameworks @loader_path/Frameworks";
				LIBRARY_SEARCH_PATHS = "\"/Users/User/sdks/AIR/AIRSDK_26/runtimes/air/mac\"";
				MACOSX_DEPLOYMENT_TARGET = 10.10;
				OTHER_LDFLAGS = (
					"-weak_framework",
					"\"Adobe AIR\"",
					"-w",
				);
				PRODUCT_BUNDLE_IDENTIFIER = com.tuarua.WebViewANE;
				PRODUCT_NAME = "$(TARGET_NAME)";
				SKIP_INSTALL = YES;
				SWIFT_OBJC_BRIDGING_HEADER = "";
				SWIFT_OBJC_INTERFACE_HEADER_NAME = "WebViewANE-Swift.h";
				SWIFT_OPTIMIZATION_LEVEL = "-Onone";
				SWIFT_VERSION = 3.0;
			};
			name = Debug;
		};
		CEF5C7061E1EE83F004389CE /* Release */ = {
			isa = XCBuildConfiguration;
			buildSettings = {
				ALWAYS_EMBED_SWIFT_STANDARD_LIBRARIES = NO;
				CLANG_ENABLE_MODULES = YES;
				CODE_SIGN_IDENTITY = "";
				COMBINE_HIDPI_IMAGES = YES;
				DEFINES_MODULE = YES;
				DEVELOPMENT_TEAM = "";
				DYLIB_COMPATIBILITY_VERSION = 1;
				DYLIB_CURRENT_VERSION = 1;
				DYLIB_INSTALL_NAME_BASE = "@rpath";
				FRAMEWORK_SEARCH_PATHS = (
					/Users/User/sdks/AIR/AIRSDK_26/runtimes/air/mac,
					"$(PROJECT_DIR)/Carthage/Build/Mac",
				);
				FRAMEWORK_VERSION = A;
				HEADER_SEARCH_PATHS = ../../../includes;
				INFOPLIST_FILE = WebViewANE/Info.plist;
				INSTALL_PATH = "$(LOCAL_LIBRARY_DIR)/Frameworks";
				LD_RUNPATH_SEARCH_PATHS = "$(inherited) @executable_path/../Frameworks @loader_path/Frameworks";
				LIBRARY_SEARCH_PATHS = "\"/Users/User/sdks/AIR/AIRSDK_26/runtimes/air/mac\"";
				MACOSX_DEPLOYMENT_TARGET = 10.10;
				OTHER_LDFLAGS = (
					"-weak_framework",
					"\"Adobe AIR\"",
					"-w",
				);
				PRODUCT_BUNDLE_IDENTIFIER = com.tuarua.WebViewANE;
				PRODUCT_NAME = "$(TARGET_NAME)";
				SKIP_INSTALL = YES;
				SWIFT_OBJC_BRIDGING_HEADER = "";
				SWIFT_OBJC_INTERFACE_HEADER_NAME = "WebViewANE-Swift.h";
				SWIFT_VERSION = 3.0;
			};
			name = Release;
		};
/* End XCBuildConfiguration section */

/* Begin XCConfigurationList section */
		CEF5C6F61E1EE83E004389CE /* Build configuration list for PBXProject "WebViewANE" */ = {
			isa = XCConfigurationList;
			buildConfigurations = (
				CEF5C7021E1EE83F004389CE /* Debug */,
				CEF5C7031E1EE83F004389CE /* Release */,
			);
			defaultConfigurationIsVisible = 0;
			defaultConfigurationName = Release;
		};
		CEF5C7041E1EE83F004389CE /* Build configuration list for PBXNativeTarget "WebViewANE" */ = {
			isa = XCConfigurationList;
			buildConfigurations = (
				CEF5C7051E1EE83F004389CE /* Debug */,
				CEF5C7061E1EE83F004389CE /* Release */,
			);
			defaultConfigurationIsVisible = 0;
			defaultConfigurationName = Release;
		};
/* End XCConfigurationList section */
	};
	rootObject = CEF5C6F31E1EE83E004389CE /* Project object */;
}
